
Microsoft Visual Studio Solution File, Format Version 12.00
# Visual Studio Version 17
VisualStudioVersion = 17.11.35219.272
MinimumVisualStudioVersion = 10.0.40219.1
Project("{FAE04EC0-301F-11D3-BF4B-00C04F79EFBC}") = "Contact_Info", "Contact_Info\Contact_Info.csproj", "{95CB70EA-84B4-4DE2-8674-47CEE4001E19}"
EndProject
Global
	GlobalSection(SolutionConfigurationPlatforms) = preSolution
		Debug|Any CPU = Debug|Any CPU
		Release|Any CPU = Release|Any CPU
	EndGlobalSection
	GlobalSection(ProjectConfigurationPlatforms) = postSolution
		{95CB70EA-84B4-4DE2-8674-47CEE4001E19}.Debug|Any CPU.ActiveCfg = Debug|Any CPU
		{95CB70EA-84B4-4DE2-8674-47CEE4001E19}.Debug|Any CPU.Build.0 = Debug|Any CPU
		{95CB70EA-84B4-4DE2-8674-47CEE4001E19}.Release|Any CPU.ActiveCfg = Release|Any CPU
		{95CB70EA-84B4-4DE2-8674-47CEE4001E19}.Release|Any CPU.Build.0 = Release|Any CPU
	EndGlobalSection
	GlobalSection(SolutionProperties) = preSolution
		HideSolutionNode = FALSE
	EndGlobalSection
	GlobalSection(ExtensibilityGlobals) = postSolution
		SolutionGuid = {2408F64A-A392-4AFB-AF2F-02AC35B950BD}
	EndGlobalSection
EndGlobal
